
Microsoft Visual Studio Solution File, Format Version 11.00
# Visual Studio 2010
# SharpDevelop 5.1
Project("{FAE04EC0-301F-11D3-BF4B-00C04F79EFBC}") = "Problema 5", "Problema 5\Problema 5.csproj", "{F99AEEEC-5D05-4598-B258-029B14CB8EA8}"
EndProject
Global
	GlobalSection(SolutionConfigurationPlatforms) = preSolution
		Debug|Any CPU = Debug|Any CPU
		Release|Any CPU = Release|Any CPU
	EndGlobalSection
	GlobalSection(ProjectConfigurationPlatforms) = postSolution
		{F99AEEEC-5D05-4598-B258-029B14CB8EA8}.Debug|Any CPU.ActiveCfg = Debug|Any CPU
		{F99AEEEC-5D05-4598-B258-029B14CB8EA8}.Debug|Any CPU.Build.0 = Debug|Any CPU
		{F99AEEEC-5D05-4598-B258-029B14CB8EA8}.Release|Any CPU.ActiveCfg = Release|Any CPU
		{F99AEEEC-5D05-4598-B258-029B14CB8EA8}.Release|Any CPU.Build.0 = Release|Any CPU
	EndGlobalSection
EndGlobal
