
Microsoft Visual Studio Solution File, Format Version 11.00
# Visual Studio 2010
# SharpDevelop 5.1
Project("{FAE04EC0-301F-11D3-BF4B-00C04F79EFBC}") = "Ejercicio 13", "Ejercicio 13\Ejercicio 13.csproj", "{50A8F03F-E6A8-481B-B3F5-A4482B1D9429}"
EndProject
Global
	GlobalSection(SolutionConfigurationPlatforms) = preSolution
		Debug|Any CPU = Debug|Any CPU
		Release|Any CPU = Release|Any CPU
	EndGlobalSection
	GlobalSection(ProjectConfigurationPlatforms) = postSolution
		{50A8F03F-E6A8-481B-B3F5-A4482B1D9429}.Debug|Any CPU.ActiveCfg = Debug|Any CPU
		{50A8F03F-E6A8-481B-B3F5-A4482B1D9429}.Debug|Any CPU.Build.0 = Debug|Any CPU
		{50A8F03F-E6A8-481B-B3F5-A4482B1D9429}.Release|Any CPU.ActiveCfg = Release|Any CPU
		{50A8F03F-E6A8-481B-B3F5-A4482B1D9429}.Release|Any CPU.Build.0 = Release|Any CPU
	EndGlobalSection
EndGlobal
